
Microsoft Visual Studio Solution File, Format Version 12.00
# Visual Studio 15
VisualStudioVersion = 15.0.28010.2046
MinimumVisualStudioVersion = 10.0.40219.1
Project("{FAE04EC0-301F-11D3-BF4B-00C04F79EFBC}") = "Baudrillard", "Baudrillard\Baudrillard.csproj", "{6DACEA05-2931-476B-B35B-A3B2EFE6E5AE}"
EndProject
Global
	GlobalSection(SolutionConfigurationPlatforms) = preSolution
		Debug|Any CPU = Debug|Any CPU
		Release|Any CPU = Release|Any CPU
	EndGlobalSection
	GlobalSection(ProjectConfigurationPlatforms) = postSolution
		{6DACEA05-2931-476B-B35B-A3B2EFE6E5AE}.Debug|Any CPU.ActiveCfg = Debug|Any CPU
		{6DACEA05-2931-476B-B35B-A3B2EFE6E5AE}.Debug|Any CPU.Build.0 = Debug|Any CPU
		{6DACEA05-2931-476B-B35B-A3B2EFE6E5AE}.Release|Any CPU.ActiveCfg = Release|Any CPU
		{6DACEA05-2931-476B-B35B-A3B2EFE6E5AE}.Release|Any CPU.Build.0 = Release|Any CPU
	EndGlobalSection
	GlobalSection(SolutionProperties) = preSolution
		HideSolutionNode = FALSE
	EndGlobalSection
	GlobalSection(ExtensibilityGlobals) = postSolution
		SolutionGuid = {F3F14A3C-891A-4751-9F97-2C6F983E24A8}
	EndGlobalSection
EndGlobal
